{
  "version": 4,
  "terraform_version": "1.3.5",
  "serial": 1,
  "lineage": "84caca78-2148-a002-9256-935ea076ebec",
  "outputs": {},
  "resources": [
    {
      "mode": "managed",
      "type": "proxmox_vm_qemu",
      "name": "k8s_controller",
      "provider": "provider[\"registry.terraform.io/telmate/proxmox\"]",
      "instances": [
        {
          "schema_version": 0,
          "attributes": {
            "additional_wait": 0,
            "agent": 1,
            "args": "",
            "balloon": 0,
            "bios": "seabios",
            "boot": "c",
            "bootdisk": "",
            "bridge": "",
            "ci_wait": null,
            "cicustom": "",
            "cipassword": "",
            "ciuser": "mick",
            "clone": "k8s-node",
            "clone_wait": 0,
            "cloudinit_cdrom_storage": null,
            "cores": 2,
            "cpu": "host",
            "default_ipv4_address": "192.168.1.71",
            "define_connection_info": true,
            "desc": "Kubernetes controller",
            "disk": [
              {
                "backup": 0,
                "cache": "none",
                "discard": "on",
                "file": "vm-100-disk-0",
                "format": "raw",
                "iothread": 0,
                "mbps": 0,
                "mbps_rd": 0,
                "mbps_rd_max": 0,
                "mbps_wr": 0,
                "mbps_wr_max": 0,
                "media": "",
                "replicate": 0,
                "size": "32G",
                "slot": 0,
                "ssd": 1,
                "storage": "local-lvm",
                "storage_type": "lvmthin",
                "type": "scsi",
                "volume": "local-lvm:vm-100-disk-0"
              }
            ],
            "disk_gb": 0,
            "force_create": false,
            "force_recreate_on_change_of": null,
            "full_clone": true,
            "guest_agent_ready_timeout": 100,
            "hagroup": "",
            "hastate": "",
            "hotplug": "network,disk,usb",
            "id": "pve/qemu/100",
            "ipconfig0": "ip=dhcp",
            "ipconfig1": "",
            "ipconfig2": "",
            "ipconfig3": "",
            "ipconfig4": "",
            "ipconfig5": "",
            "iso": null,
            "kvm": true,
            "mac": "",
            "memory": 2048,
            "name": "k8s-controller",
            "nameserver": "",
            "network": [
              {
                "bridge": "vmbr0",
                "firewall": false,
                "link_down": false,
                "macaddr": "FE:12:A1:56:92:06",
                "model": "virtio",
                "queues": 0,
                "rate": 0,
                "tag": -1
              }
            ],
            "nic": "",
            "numa": false,
            "onboot": true,
            "oncreate": true,
            "os_network_config": null,
            "os_type": "cloud-init",
            "pool": "",
            "preprovision": true,
            "qemu_os": "l26",
            "reboot_required": false,
            "scsihw": "virtio-scsi-pci",
            "searchdomain": "",
            "serial": [],
            "sockets": 1,
            "ssh_forward_ip": null,
            "ssh_host": "192.168.1.71",
            "ssh_port": "22",
            "ssh_private_key": null,
            "ssh_user": null,
            "sshkeys": "ssh-rsa AAAAB3NzaC1yc2EAAAADAQABAAABgQDax9HL6LdOKm7DPgY4g9QTkooXg3eXhiV473fwA6Q1+EuxasByiWTBTXijyzv84fvgYx9OD6Ph3qYV/wldR9U4u5lc9LNmRwp8SDPtLqch8jyB3VIhOJMbW9rkN6eEjmJkhttZ4fmucMZjwQWbgrzYXRtK9pBMXdKIMk6oaNKzq7DKqLaMZjzSFzRqkccRl2Pukh55en4Wt+ZsSKl6x0Dpch+qHUO6Ey+fWsjEalDAyAjeIQ47kbJ8hgdpr82A5f8pB5O8e8v3zulnl/G64EfSpLt6f5RBT2mJqSH8NU66oHojuWnJqZC8BZzS/0OVkhBR+3UxQ0LJLtVgZV8LqFMC1gdK5rqEkC7KyaRegJHiz/BDOGFSdO3RbIMEPq2SNhgzmglelG2o4KclCvptpr64HWi80q86r+LX7T+HNNUWf9GjN42D0J6syJ+mqil0TFXougwFM4W3UqwbZKe/5AmNREf5JU6c1bYRRBmsFm2KwZeyyAcgnFqDDnalEhth2LM= mickm@Micks-Air.backspacer.net",
            "storage": "",
            "storage_type": "",
            "tablet": true,
            "tags": "",
            "target_node": "pve",
            "timeouts": null,
            "unused_disk": [],
            "vcpus": 0,
            "vga": [],
            "vlan": -1,
            "vmid": 100
          },
          "sensitive_attributes": [],
          "private": "eyJlMmJmYjczMC1lY2FhLTExZTYtOGY4OC0zNDM2M2JjN2M0YzAiOnsiY3JlYXRlIjozMDAwMDAwMDAwMDAsImRlZmF1bHQiOjMwMDAwMDAwMDAwMCwiZGVsZXRlIjoxODAwMDAwMDAwMDAsInJlYWQiOjE4MDAwMDAwMDAwMCwidXBkYXRlIjoxODAwMDAwMDAwMDB9fQ=="
        }
      ]
    }
  ],
  "check_results": null
}
